
Microsoft Visual Studio Solution File, Format Version 12.00
# Visual Studio 2013
VisualStudioVersion = 12.0.40629.0
MinimumVisualStudioVersion = 10.0.40219.1
Project("{FAE04EC0-301F-11D3-BF4B-00C04F79EFBC}") = "PeptideDock", "PeptideDock\PeptideDock.csproj", "{247368A8-F0D7-4BBB-BC47-C911776A5D7A}"
EndProject
Project("{FAE04EC0-301F-11D3-BF4B-00C04F79EFBC}") = "PeptideDockingLib", "PeptideDockingLib\PeptideDockingLib.csproj", "{B1E7D70D-1193-4164-B7E4-C28CAB69A67D}"
EndProject
Project("{FAE04EC0-301F-11D3-BF4B-00C04F79EFBC}") = "PeptideDockSettings", "PeptideDockSettings\PeptideDockSettings.csproj", "{51125AF1-4200-431A-89EC-B1B8840A30BE}"
EndProject
Project("{FAE04EC0-301F-11D3-BF4B-00C04F79EFBC}") = "StructClusteringLib", "StructClusteringLib\StructClusteringLib.csproj", "{170A2FA8-C587-40DE-AAEC-B9CCCD16F211}"
EndProject
Project("{FAE04EC0-301F-11D3-BF4B-00C04F79EFBC}") = "PepStructInfoLib", "PepStructInfoLib\PepStructInfoLib.csproj", "{0B154B4D-603B-46D9-8E9A-05A66BC47D98}"
EndProject
Project("{FAE04EC0-301F-11D3-BF4B-00C04F79EFBC}") = "DbscanImplementationLib", "DbscanImplementationLib\DbscanImplementationLib.csproj", "{72BEFFF2-572E-440A-8E9F-14E20A4899DC}"
EndProject
Global
	GlobalSection(SolutionConfigurationPlatforms) = preSolution
		Debug|Any CPU = Debug|Any CPU
		Release|Any CPU = Release|Any CPU
	EndGlobalSection
	GlobalSection(ProjectConfigurationPlatforms) = postSolution
		{247368A8-F0D7-4BBB-BC47-C911776A5D7A}.Debug|Any CPU.ActiveCfg = Debug|Any CPU
		{247368A8-F0D7-4BBB-BC47-C911776A5D7A}.Debug|Any CPU.Build.0 = Debug|Any CPU
		{247368A8-F0D7-4BBB-BC47-C911776A5D7A}.Release|Any CPU.ActiveCfg = Release|Any CPU
		{247368A8-F0D7-4BBB-BC47-C911776A5D7A}.Release|Any CPU.Build.0 = Release|Any CPU
		{B1E7D70D-1193-4164-B7E4-C28CAB69A67D}.Debug|Any CPU.ActiveCfg = Debug|Any CPU
		{B1E7D70D-1193-4164-B7E4-C28CAB69A67D}.Debug|Any CPU.Build.0 = Debug|Any CPU
		{B1E7D70D-1193-4164-B7E4-C28CAB69A67D}.Release|Any CPU.ActiveCfg = Release|Any CPU
		{B1E7D70D-1193-4164-B7E4-C28CAB69A67D}.Release|Any CPU.Build.0 = Release|Any CPU
		{51125AF1-4200-431A-89EC-B1B8840A30BE}.Debug|Any CPU.ActiveCfg = Debug|Any CPU
		{51125AF1-4200-431A-89EC-B1B8840A30BE}.Debug|Any CPU.Build.0 = Debug|Any CPU
		{51125AF1-4200-431A-89EC-B1B8840A30BE}.Release|Any CPU.ActiveCfg = Release|Any CPU
		{51125AF1-4200-431A-89EC-B1B8840A30BE}.Release|Any CPU.Build.0 = Release|Any CPU
		{170A2FA8-C587-40DE-AAEC-B9CCCD16F211}.Debug|Any CPU.ActiveCfg = Debug|Any CPU
		{170A2FA8-C587-40DE-AAEC-B9CCCD16F211}.Debug|Any CPU.Build.0 = Debug|Any CPU
		{170A2FA8-C587-40DE-AAEC-B9CCCD16F211}.Release|Any CPU.ActiveCfg = Release|Any CPU
		{170A2FA8-C587-40DE-AAEC-B9CCCD16F211}.Release|Any CPU.Build.0 = Release|Any CPU
		{0B154B4D-603B-46D9-8E9A-05A66BC47D98}.Debug|Any CPU.ActiveCfg = Debug|Any CPU
		{0B154B4D-603B-46D9-8E9A-05A66BC47D98}.Debug|Any CPU.Build.0 = Debug|Any CPU
		{0B154B4D-603B-46D9-8E9A-05A66BC47D98}.Release|Any CPU.ActiveCfg = Release|Any CPU
		{0B154B4D-603B-46D9-8E9A-05A66BC47D98}.Release|Any CPU.Build.0 = Release|Any CPU
		{72BEFFF2-572E-440A-8E9F-14E20A4899DC}.Debug|Any CPU.ActiveCfg = Debug|Any CPU
		{72BEFFF2-572E-440A-8E9F-14E20A4899DC}.Debug|Any CPU.Build.0 = Debug|Any CPU
		{72BEFFF2-572E-440A-8E9F-14E20A4899DC}.Release|Any CPU.ActiveCfg = Release|Any CPU
		{72BEFFF2-572E-440A-8E9F-14E20A4899DC}.Release|Any CPU.Build.0 = Release|Any CPU
	EndGlobalSection
	GlobalSection(SolutionProperties) = preSolution
		HideSolutionNode = FALSE
	EndGlobalSection
EndGlobal
